
Microsoft Visual Studio Solution File, Format Version 12.00
# Visual Studio 2013
VisualStudioVersion = 12.0.30110.0
MinimumVisualStudioVersion = 10.0.40219.1
Project("{FAE04EC0-301F-11D3-BF4B-00C04F79EFBC}") = "Azure.WorkerRole.XSocketsServer", "Azure.WorkerRole.XSocketsServer\Azure.WorkerRole.XSocketsServer.csproj", "{37DD5C13-2B9E-400C-B505-8E6F3C3EFE61}"
EndProject
Project("{CC5FD16D-436D-48AD-A40C-5A424C6E3E79}") = "Azure.CloudService.XSocketsServer", "Azure.CloudService.XSocketsServer\Azure.CloudService.XSocketsServer.ccproj", "{C10B7F97-1924-454D-BE90-1539A3DBFC2B}"
EndProject
Project("{2150E333-8FDC-42A3-9474-1A3956D46DE8}") = ".nuget", ".nuget", "{4E933F71-D3C3-4009-82E8-10E57CE22C79}"
	ProjectSection(SolutionItems) = preProject
		.nuget\NuGet.Config = .nuget\NuGet.Config
		.nuget\NuGet.exe = .nuget\NuGet.exe
		.nuget\NuGet.targets = .nuget\NuGet.targets
	EndProjectSection
EndProject
Global
	GlobalSection(SolutionConfigurationPlatforms) = preSolution
		Debug|Any CPU = Debug|Any CPU
		Release|Any CPU = Release|Any CPU
	EndGlobalSection
	GlobalSection(ProjectConfigurationPlatforms) = postSolution
		{37DD5C13-2B9E-400C-B505-8E6F3C3EFE61}.Debug|Any CPU.ActiveCfg = Debug|Any CPU
		{37DD5C13-2B9E-400C-B505-8E6F3C3EFE61}.Debug|Any CPU.Build.0 = Debug|Any CPU
		{37DD5C13-2B9E-400C-B505-8E6F3C3EFE61}.Release|Any CPU.ActiveCfg = Release|Any CPU
		{37DD5C13-2B9E-400C-B505-8E6F3C3EFE61}.Release|Any CPU.Build.0 = Release|Any CPU
		{C10B7F97-1924-454D-BE90-1539A3DBFC2B}.Debug|Any CPU.ActiveCfg = Debug|Any CPU
		{C10B7F97-1924-454D-BE90-1539A3DBFC2B}.Debug|Any CPU.Build.0 = Debug|Any CPU
		{C10B7F97-1924-454D-BE90-1539A3DBFC2B}.Release|Any CPU.ActiveCfg = Release|Any CPU
		{C10B7F97-1924-454D-BE90-1539A3DBFC2B}.Release|Any CPU.Build.0 = Release|Any CPU
	EndGlobalSection
	GlobalSection(SolutionProperties) = preSolution
		HideSolutionNode = FALSE
	EndGlobalSection
EndGlobal
