
Microsoft Visual Studio Solution File, Format Version 12.00
# Visual Studio 2013
VisualStudioVersion = 12.0.30110.0
MinimumVisualStudioVersion = 10.0.40219.1
Project("{FAE04EC0-301F-11D3-BF4B-00C04F79EFBC}") = "XSockets.ConsoleClient", "XSocketsConsoleClient\XSockets.ConsoleClient.csproj", "{C8F14F58-E0A4-4916-993C-9F1566A12E60}"
EndProject
Project("{FAE04EC0-301F-11D3-BF4B-00C04F79EFBC}") = "Azure.WorkerRole.XSocketsClient", "Azure.WorkerRole.XSocketsClient\Azure.WorkerRole.XSocketsClient.csproj", "{D9D2551E-A707-42AD-AC64-FD72EEFA9522}"
EndProject
Project("{CC5FD16D-436D-48AD-A40C-5A424C6E3E79}") = "Azure.CloudService.XSocketsClient", "Azure.CloudService.XSocketsClient\Azure.CloudService.XSocketsClient.ccproj", "{8C5207C3-73AB-4436-8596-2281193C2745}"
EndProject
Project("{2150E333-8FDC-42A3-9474-1A3956D46DE8}") = ".nuget", ".nuget", "{7CFE43AE-A582-461F-B58E-C49516B86EB7}"
	ProjectSection(SolutionItems) = preProject
		.nuget\NuGet.Config = .nuget\NuGet.Config
		.nuget\NuGet.exe = .nuget\NuGet.exe
		.nuget\NuGet.targets = .nuget\NuGet.targets
	EndProjectSection
EndProject
Global
	GlobalSection(SolutionConfigurationPlatforms) = preSolution
		Debug|Any CPU = Debug|Any CPU
		LocalDebug|Any CPU = LocalDebug|Any CPU
		Release|Any CPU = Release|Any CPU
	EndGlobalSection
	GlobalSection(ProjectConfigurationPlatforms) = postSolution
		{C8F14F58-E0A4-4916-993C-9F1566A12E60}.Debug|Any CPU.ActiveCfg = Debug|Any CPU
		{C8F14F58-E0A4-4916-993C-9F1566A12E60}.Debug|Any CPU.Build.0 = Debug|Any CPU
		{C8F14F58-E0A4-4916-993C-9F1566A12E60}.LocalDebug|Any CPU.ActiveCfg = Debug|Any CPU
		{C8F14F58-E0A4-4916-993C-9F1566A12E60}.LocalDebug|Any CPU.Build.0 = Debug|Any CPU
		{C8F14F58-E0A4-4916-993C-9F1566A12E60}.Release|Any CPU.ActiveCfg = Release|Any CPU
		{C8F14F58-E0A4-4916-993C-9F1566A12E60}.Release|Any CPU.Build.0 = Release|Any CPU
		{D9D2551E-A707-42AD-AC64-FD72EEFA9522}.Debug|Any CPU.ActiveCfg = Debug|Any CPU
		{D9D2551E-A707-42AD-AC64-FD72EEFA9522}.Debug|Any CPU.Build.0 = Debug|Any CPU
		{D9D2551E-A707-42AD-AC64-FD72EEFA9522}.LocalDebug|Any CPU.ActiveCfg = Debug|Any CPU
		{D9D2551E-A707-42AD-AC64-FD72EEFA9522}.LocalDebug|Any CPU.Build.0 = Debug|Any CPU
		{D9D2551E-A707-42AD-AC64-FD72EEFA9522}.Release|Any CPU.ActiveCfg = Release|Any CPU
		{D9D2551E-A707-42AD-AC64-FD72EEFA9522}.Release|Any CPU.Build.0 = Release|Any CPU
		{8C5207C3-73AB-4436-8596-2281193C2745}.Debug|Any CPU.ActiveCfg = Debug|Any CPU
		{8C5207C3-73AB-4436-8596-2281193C2745}.Debug|Any CPU.Build.0 = Debug|Any CPU
		{8C5207C3-73AB-4436-8596-2281193C2745}.LocalDebug|Any CPU.ActiveCfg = Debug|Any CPU
		{8C5207C3-73AB-4436-8596-2281193C2745}.LocalDebug|Any CPU.Build.0 = Debug|Any CPU
		{8C5207C3-73AB-4436-8596-2281193C2745}.Release|Any CPU.ActiveCfg = Release|Any CPU
		{8C5207C3-73AB-4436-8596-2281193C2745}.Release|Any CPU.Build.0 = Release|Any CPU
	EndGlobalSection
	GlobalSection(SolutionProperties) = preSolution
		HideSolutionNode = FALSE
	EndGlobalSection
EndGlobal
