
Microsoft Visual Studio Solution File, Format Version 12.00
# Visual Studio 2013
VisualStudioVersion = 12.0.21005.1
MinimumVisualStudioVersion = 10.0.40219.1
Project("{FAE04EC0-301F-11D3-BF4B-00C04F79EFBC}") = "Azure.XSocketsConsoleClient", "XSocketsConsoleClient\Azure.XSocketsConsoleClient.csproj", "{C8F14F58-E0A4-4916-993C-9F1566A12E60}"
EndProject
Project("{CC5FD16D-436D-48AD-A40C-5A424C6E3E79}") = "Azure.CloudService.XSocketsClient", "WindowsAzure\Azure.CloudService.XSocketsClient.ccproj", "{592C5133-28D3-44A7-A383-089988BAE085}"
EndProject
Project("{FAE04EC0-301F-11D3-BF4B-00C04F79EFBC}") = "Azure.XSocketsClientWorkerRole", "Azure.XSocketsClientWorkerRole\Azure.XSocketsClientWorkerRole.csproj", "{D9D2551E-A707-42AD-AC64-FD72EEFA9522}"
EndProject
Project("{FAE04EC0-301F-11D3-BF4B-00C04F79EFBC}") = "HtmlHelpers", "..\Helpers\HtmlHelpers.csproj", "{583574F7-A189-446D-A636-4D979616BBA3}"
EndProject
Global
	GlobalSection(SolutionConfigurationPlatforms) = preSolution
		Debug|Any CPU = Debug|Any CPU
		LocalDebug|Any CPU = LocalDebug|Any CPU
		Release|Any CPU = Release|Any CPU
	EndGlobalSection
	GlobalSection(ProjectConfigurationPlatforms) = postSolution
		{C8F14F58-E0A4-4916-993C-9F1566A12E60}.Debug|Any CPU.ActiveCfg = Debug|Any CPU
		{C8F14F58-E0A4-4916-993C-9F1566A12E60}.Debug|Any CPU.Build.0 = Debug|Any CPU
		{C8F14F58-E0A4-4916-993C-9F1566A12E60}.LocalDebug|Any CPU.ActiveCfg = Debug|Any CPU
		{C8F14F58-E0A4-4916-993C-9F1566A12E60}.LocalDebug|Any CPU.Build.0 = Debug|Any CPU
		{C8F14F58-E0A4-4916-993C-9F1566A12E60}.Release|Any CPU.ActiveCfg = Release|Any CPU
		{C8F14F58-E0A4-4916-993C-9F1566A12E60}.Release|Any CPU.Build.0 = Release|Any CPU
		{592C5133-28D3-44A7-A383-089988BAE085}.Debug|Any CPU.ActiveCfg = Debug|Any CPU
		{592C5133-28D3-44A7-A383-089988BAE085}.Debug|Any CPU.Build.0 = Debug|Any CPU
		{592C5133-28D3-44A7-A383-089988BAE085}.LocalDebug|Any CPU.ActiveCfg = Debug|Any CPU
		{592C5133-28D3-44A7-A383-089988BAE085}.LocalDebug|Any CPU.Build.0 = Debug|Any CPU
		{592C5133-28D3-44A7-A383-089988BAE085}.Release|Any CPU.ActiveCfg = Release|Any CPU
		{592C5133-28D3-44A7-A383-089988BAE085}.Release|Any CPU.Build.0 = Release|Any CPU
		{D9D2551E-A707-42AD-AC64-FD72EEFA9522}.Debug|Any CPU.ActiveCfg = Debug|Any CPU
		{D9D2551E-A707-42AD-AC64-FD72EEFA9522}.Debug|Any CPU.Build.0 = Debug|Any CPU
		{D9D2551E-A707-42AD-AC64-FD72EEFA9522}.LocalDebug|Any CPU.ActiveCfg = Debug|Any CPU
		{D9D2551E-A707-42AD-AC64-FD72EEFA9522}.LocalDebug|Any CPU.Build.0 = Debug|Any CPU
		{D9D2551E-A707-42AD-AC64-FD72EEFA9522}.Release|Any CPU.ActiveCfg = Release|Any CPU
		{D9D2551E-A707-42AD-AC64-FD72EEFA9522}.Release|Any CPU.Build.0 = Release|Any CPU
		{583574F7-A189-446D-A636-4D979616BBA3}.Debug|Any CPU.ActiveCfg = Debug|Any CPU
		{583574F7-A189-446D-A636-4D979616BBA3}.Debug|Any CPU.Build.0 = Debug|Any CPU
		{583574F7-A189-446D-A636-4D979616BBA3}.LocalDebug|Any CPU.ActiveCfg = LocalDebug|Any CPU
		{583574F7-A189-446D-A636-4D979616BBA3}.LocalDebug|Any CPU.Build.0 = LocalDebug|Any CPU
		{583574F7-A189-446D-A636-4D979616BBA3}.Release|Any CPU.ActiveCfg = Release|Any CPU
		{583574F7-A189-446D-A636-4D979616BBA3}.Release|Any CPU.Build.0 = Release|Any CPU
	EndGlobalSection
	GlobalSection(SolutionProperties) = preSolution
		HideSolutionNode = FALSE
	EndGlobalSection
EndGlobal
